
Microsoft Visual Studio Solution File, Format Version 12.00
# Visual Studio 15
VisualStudioVersion = 15.0.27703.2018
MinimumVisualStudioVersion = 10.0.40219.1
Project("{FAE04EC0-301F-11D3-BF4B-00C04F79EFBC}") = "SuperHero", "SuperHero\SuperHero.csproj", "{C9FF8D78-862E-4A64-AFB5-9375CA5841C7}"
EndProject
Project("{FAE04EC0-301F-11D3-BF4B-00C04F79EFBC}") = "SuperHero.Tests", "SuperHero.Tests\SuperHero.Tests.csproj", "{306ACF0D-2B05-4074-A664-1AE1E87C39EC}"
EndProject
Global
	GlobalSection(SolutionConfigurationPlatforms) = preSolution
		Debug|Any CPU = Debug|Any CPU
		Release|Any CPU = Release|Any CPU
	EndGlobalSection
	GlobalSection(ProjectConfigurationPlatforms) = postSolution
		{C9FF8D78-862E-4A64-AFB5-9375CA5841C7}.Debug|Any CPU.ActiveCfg = Debug|Any CPU
		{C9FF8D78-862E-4A64-AFB5-9375CA5841C7}.Debug|Any CPU.Build.0 = Debug|Any CPU
		{C9FF8D78-862E-4A64-AFB5-9375CA5841C7}.Release|Any CPU.ActiveCfg = Release|Any CPU
		{C9FF8D78-862E-4A64-AFB5-9375CA5841C7}.Release|Any CPU.Build.0 = Release|Any CPU
		{306ACF0D-2B05-4074-A664-1AE1E87C39EC}.Debug|Any CPU.ActiveCfg = Debug|Any CPU
		{306ACF0D-2B05-4074-A664-1AE1E87C39EC}.Debug|Any CPU.Build.0 = Debug|Any CPU
		{306ACF0D-2B05-4074-A664-1AE1E87C39EC}.Release|Any CPU.ActiveCfg = Release|Any CPU
		{306ACF0D-2B05-4074-A664-1AE1E87C39EC}.Release|Any CPU.Build.0 = Release|Any CPU
	EndGlobalSection
	GlobalSection(SolutionProperties) = preSolution
		HideSolutionNode = FALSE
	EndGlobalSection
	GlobalSection(ExtensibilityGlobals) = postSolution
		SolutionGuid = {E714AC1A-E01D-443A-A4AE-8F4BBB43A0A0}
	EndGlobalSection
EndGlobal
